
Microsoft Visual Studio Solution File, Format Version 12.00
# Visual Studio Version 17
VisualStudioVersion = 17.4.33122.133
MinimumVisualStudioVersion = 10.0.40219.1
Project("{9A19103F-16F7-4668-BE54-9A1E7A4F7556}") = "CarPoolingApplication", "CarPoolingApplication.csproj", "{C4F42EE5-FD40-4AB1-A42C-17634B5D1891}"
EndProject
Project("{9A19103F-16F7-4668-BE54-9A1E7A4F7556}") = "CarPoolingApplication.Services", "..\CarPoolingApplication.Services\CarPoolingApplication.Services.csproj", "{2A02E76D-9C02-4AA6-AAAB-33B81D7621BD}"
EndProject
Project("{9A19103F-16F7-4668-BE54-9A1E7A4F7556}") = "CarPoolingApplication.Models", "..\CarPoolingApplication.Models\CarPoolingApplication.Models.csproj", "{EC275E72-2BF9-4A08-A172-8EFA9D888336}"
EndProject
Project("{9A19103F-16F7-4668-BE54-9A1E7A4F7556}") = "CarPoolingApplication.Data", "..\CarPoolingApplication.Data\CarPoolingApplication.Data.csproj", "{E10810FF-0102-4076-8EF2-92D926FF845B}"
EndProject
Global
	GlobalSection(SolutionConfigurationPlatforms) = preSolution
		Debug|Any CPU = Debug|Any CPU
		Release|Any CPU = Release|Any CPU
	EndGlobalSection
	GlobalSection(ProjectConfigurationPlatforms) = postSolution
		{C4F42EE5-FD40-4AB1-A42C-17634B5D1891}.Debug|Any CPU.ActiveCfg = Debug|Any CPU
		{C4F42EE5-FD40-4AB1-A42C-17634B5D1891}.Debug|Any CPU.Build.0 = Debug|Any CPU
		{C4F42EE5-FD40-4AB1-A42C-17634B5D1891}.Release|Any CPU.ActiveCfg = Release|Any CPU
		{C4F42EE5-FD40-4AB1-A42C-17634B5D1891}.Release|Any CPU.Build.0 = Release|Any CPU
		{2A02E76D-9C02-4AA6-AAAB-33B81D7621BD}.Debug|Any CPU.ActiveCfg = Debug|Any CPU
		{2A02E76D-9C02-4AA6-AAAB-33B81D7621BD}.Debug|Any CPU.Build.0 = Debug|Any CPU
		{2A02E76D-9C02-4AA6-AAAB-33B81D7621BD}.Release|Any CPU.ActiveCfg = Release|Any CPU
		{2A02E76D-9C02-4AA6-AAAB-33B81D7621BD}.Release|Any CPU.Build.0 = Release|Any CPU
		{EC275E72-2BF9-4A08-A172-8EFA9D888336}.Debug|Any CPU.ActiveCfg = Debug|Any CPU
		{EC275E72-2BF9-4A08-A172-8EFA9D888336}.Debug|Any CPU.Build.0 = Debug|Any CPU
		{EC275E72-2BF9-4A08-A172-8EFA9D888336}.Release|Any CPU.ActiveCfg = Release|Any CPU
		{EC275E72-2BF9-4A08-A172-8EFA9D888336}.Release|Any CPU.Build.0 = Release|Any CPU
		{E10810FF-0102-4076-8EF2-92D926FF845B}.Debug|Any CPU.ActiveCfg = Debug|Any CPU
		{E10810FF-0102-4076-8EF2-92D926FF845B}.Debug|Any CPU.Build.0 = Debug|Any CPU
		{E10810FF-0102-4076-8EF2-92D926FF845B}.Release|Any CPU.ActiveCfg = Release|Any CPU
		{E10810FF-0102-4076-8EF2-92D926FF845B}.Release|Any CPU.Build.0 = Release|Any CPU
	EndGlobalSection
	GlobalSection(SolutionProperties) = preSolution
		HideSolutionNode = FALSE
	EndGlobalSection
	GlobalSection(ExtensibilityGlobals) = postSolution
		SolutionGuid = {F13DC9F9-D9C5-439B-A869-87612D4BF059}
	EndGlobalSection
EndGlobal
